// !$*UTF8*$!
{
	archiveVersion = 1;
	classes = {
	};
	objectVersion = 50;
	objects = {

/* Begin PBXBuildFile section */
		915B80752674E34B007963C7 /* AppSwiftLandmarksApp.swift in Sources */ = {isa = PBXBuildFile; fileRef = 915B80742674E34B007963C7 /* AppSwiftLandmarksApp.swift */; };
		915B80772674E34B007963C7 /* ContentView.swift in Sources */ = {isa = PBXBuildFile; fileRef = 915B80762674E34B007963C7 /* ContentView.swift */; };
		915B80792674E34C007963C7 /* Assets.xcassets in Resources */ = {isa = PBXBuildFile; fileRef = 915B80782674E34C007963C7 /* Assets.xcassets */; };
		915B807C2674E34C007963C7 /* Preview Assets.xcassets in Resources */ = {isa = PBXBuildFile; fileRef = 915B807B2674E34C007963C7 /* Preview Assets.xcassets */; };
		915B80872674E34D007963C7 /* AppSwiftLandmarksTests.swift in Sources */ = {isa = PBXBuildFile; fileRef = 915B80862674E34D007963C7 /* AppSwiftLandmarksTests.swift */; };
		915B80922674E34D007963C7 /* AppSwiftLandmarksUITests.swift in Sources */ = {isa = PBXBuildFile; fileRef = 915B80912674E34D007963C7 /* AppSwiftLandmarksUITests.swift */; };
		915B80A2267536C8007963C7 /* CircleImage.swift in Sources */ = {isa = PBXBuildFile; fileRef = 915B80A1267536C8007963C7 /* CircleImage.swift */; };
		915B80A42675434E007963C7 /*  MapView.swift in Sources */ = {isa = PBXBuildFile; fileRef = 915B80A32675434E007963C7 /*  MapView.swift */; };
/* End PBXBuildFile section */

/* Begin PBXContainerItemProxy section */
		915B80832674E34D007963C7 /* PBXContainerItemProxy */ = {
			isa = PBXContainerItemProxy;
			containerPortal = 915B80692674E34B007963C7 /* Project object */;
			proxyType = 1;
			remoteGlobalIDString = 915B80702674E34B007963C7;
			remoteInfo = AppSwiftLandmarks;
		};
		915B808E2674E34D007963C7 /* PBXContainerItemProxy */ = {
			isa = PBXContainerItemProxy;
			containerPortal = 915B80692674E34B007963C7 /* Project object */;
			proxyType = 1;
			remoteGlobalIDString = 915B80702674E34B007963C7;
			remoteInfo = AppSwiftLandmarks;
		};
/* End PBXContainerItemProxy section */

/* Begin PBXFileReference section */
		915B80712674E34B007963C7 /* AppSwiftLandmarks.app */ = {isa = PBXFileReference; explicitFileType = wrapper.application; includeInIndex = 0; path = AppSwiftLandmarks.app; sourceTree = BUILT_PRODUCTS_DIR; };
		915B80742674E34B007963C7 /* AppSwiftLandmarksApp.swift */ = {isa = PBXFileReference; lastKnownFileType = sourcecode.swift; path = AppSwiftLandmarksApp.swift; sourceTree = "<group>"; };
		915B80762674E34B007963C7 /* ContentView.swift */ = {isa = PBXFileReference; lastKnownFileType = sourcecode.swift; path = ContentView.swift; sourceTree = "<group>"; };
		915B80782674E34C007963C7 /* Assets.xcassets */ = {isa = PBXFileReference; lastKnownFileType = folder.assetcatalog; path = Assets.xcassets; sourceTree = "<group>"; };
		915B807B2674E34C007963C7 /* Preview Assets.xcassets */ = {isa = PBXFileReference; lastKnownFileType = folder.assetcatalog; path = "Preview Assets.xcassets"; sourceTree = "<group>"; };
		915B807D2674E34C007963C7 /* Info.plist */ = {isa = PBXFileReference; lastKnownFileType = text.plist.xml; path = Info.plist; sourceTree = "<group>"; };
		915B80822674E34D007963C7 /* AppSwiftLandmarksTests.xctest */ = {isa = PBXFileReference; explicitFileType = wrapper.cfbundle; includeInIndex = 0; path = AppSwiftLandmarksTests.xctest; sourceTree = BUILT_PRODUCTS_DIR; };
		915B80862674E34D007963C7 /* AppSwiftLandmarksTests.swift */ = {isa = PBXFileReference; lastKnownFileType = sourcecode.swift; path = AppSwiftLandmarksTests.swift; sourceTree = "<group>"; };
		915B80882674E34D007963C7 /* Info.plist */ = {isa = PBXFileReference; lastKnownFileType = text.plist.xml; path = Info.plist; sourceTree = "<group>"; };
		915B808D2674E34D007963C7 /* AppSwiftLandmarksUITests.xctest */ = {isa = PBXFileReference; explicitFileType = wrapper.cfbundle; includeInIndex = 0; path = AppSwiftLandmarksUITests.xctest; sourceTree = BUILT_PRODUCTS_DIR; };
		915B80912674E34D007963C7 /* AppSwiftLandmarksUITests.swift */ = {isa = PBXFileReference; lastKnownFileType = sourcecode.swift; path = AppSwiftLandmarksUITests.swift; sourceTree = "<group>"; };
		915B80932674E34D007963C7 /* Info.plist */ = {isa = PBXFileReference; lastKnownFileType = text.plist.xml; path = Info.plist; sourceTree = "<group>"; };
		915B80A1267536C8007963C7 /* CircleImage.swift */ = {isa = PBXFileReference; lastKnownFileType = sourcecode.swift; path = CircleImage.swift; sourceTree = "<group>"; };
		915B80A32675434E007963C7 /*  MapView.swift */ = {isa = PBXFileReference; lastKnownFileType = sourcecode.swift; path = " MapView.swift"; sourceTree = "<group>"; };
/* End PBXFileReference section */

/* Begin PBXFrameworksBuildPhase section */
		915B806E2674E34B007963C7 /* Frameworks */ = {
			isa = PBXFrameworksBuildPhase;
			buildActionMask = 2147483647;
			files = (
			);
			runOnlyForDeploymentPostprocessing = 0;
		};
		915B807F2674E34D007963C7 /* Frameworks */ = {
			isa = PBXFrameworksBuildPhase;
			buildActionMask = 2147483647;
			files = (
			);
			runOnlyForDeploymentPostprocessing = 0;
		};
		915B808A2674E34D007963C7 /* Frameworks */ = {
			isa = PBXFrameworksBuildPhase;
			buildActionMask = 2147483647;
			files = (
			);
			runOnlyForDeploymentPostprocessing = 0;
		};
/* End PBXFrameworksBuildPhase section */

/* Begin PBXGroup section */
		915B80682674E34B007963C7 = {
			isa = PBXGroup;
			children = (
				915B80732674E34B007963C7 /* AppSwiftLandmarks */,
				915B80852674E34D007963C7 /* AppSwiftLandmarksTests */,
				915B80902674E34D007963C7 /* AppSwiftLandmarksUITests */,
				915B80722674E34B007963C7 /* Products */,
			);
			sourceTree = "<group>";
		};
		915B80722674E34B007963C7 /* Products */ = {
			isa = PBXGroup;
			children = (
				915B80712674E34B007963C7 /* AppSwiftLandmarks.app */,
				915B80822674E34D007963C7 /* AppSwiftLandmarksTests.xctest */,
				915B808D2674E34D007963C7 /* AppSwiftLandmarksUITests.xctest */,
			);
			name = Products;
			sourceTree = "<group>";
		};
		915B80732674E34B007963C7 /* AppSwiftLandmarks */ = {
			isa = PBXGroup;
			children = (
				915B80742674E34B007963C7 /* AppSwiftLandmarksApp.swift */,
				915B80762674E34B007963C7 /* ContentView.swift */,
				915B80782674E34C007963C7 /* Assets.xcassets */,
				915B80A1267536C8007963C7 /* CircleImage.swift */,
				915B80A32675434E007963C7 /*  MapView.swift */,
				915B807D2674E34C007963C7 /* Info.plist */,
				915B807A2674E34C007963C7 /* Preview Content */,
			);
			path = AppSwiftLandmarks;
			sourceTree = "<group>";
		};
		915B807A2674E34C007963C7 /* Preview Content */ = {
			isa = PBXGroup;
			children = (
				915B807B2674E34C007963C7 /* Preview Assets.xcassets */,
			);
			path = "Preview Content";
			sourceTree = "<group>";
		};
		915B80852674E34D007963C7 /* AppSwiftLandmarksTests */ = {
			isa = PBXGroup;
			children = (
				915B80862674E34D007963C7 /* AppSwiftLandmarksTests.swift */,
				915B80882674E34D007963C7 /* Info.plist */,
			);
			path = AppSwiftLandmarksTests;
			sourceTree = "<group>";
		};
		915B80902674E34D007963C7 /* AppSwiftLandmarksUITests */ = {
			isa = PBXGroup;
			children = (
				915B80912674E34D007963C7 /* AppSwiftLandmarksUITests.swift */,
				915B80932674E34D007963C7 /* Info.plist */,
			);
			path = AppSwiftLandmarksUITests;
			sourceTree = "<group>";
		};
/* End PBXGroup section */

/* Begin PBXNativeTarget section */
		915B80702674E34B007963C7 /* AppSwiftLandmarks */ = {
			isa = PBXNativeTarget;
			buildConfigurationList = 915B80962674E34D007963C7 /* Build configuration list for PBXNativeTarget "AppSwiftLandmarks" */;
			buildPhases = (
				915B806D2674E34B007963C7 /* Sources */,
				915B806E2674E34B007963C7 /* Frameworks */,
				915B806F2674E34B007963C7 /* Resources */,
			);
			buildRules = (
			);
			dependencies = (
			);
			name = AppSwiftLandmarks;
			productName = AppSwiftLandmarks;
			productReference = 915B80712674E34B007963C7 /* AppSwiftLandmarks.app */;
			productType = "com.apple.product-type.application";
		};
		915B80812674E34D007963C7 /* AppSwiftLandmarksTests */ = {
			isa = PBXNativeTarget;
			buildConfigurationList = 915B80992674E34D007963C7 /* Build configuration list for PBXNativeTarget "AppSwiftLandmarksTests" */;
			buildPhases = (
				915B807E2674E34D007963C7 /* Sources */,
				915B807F2674E34D007963C7 /* Frameworks */,
				915B80802674E34D007963C7 /* Resources */,
			);
			buildRules = (
			);
			dependencies = (
				915B80842674E34D007963C7 /* PBXTargetDependency */,
			);
			name = AppSwiftLandmarksTests;
			productName = AppSwiftLandmarksTests;
			productReference = 915B80822674E34D007963C7 /* AppSwiftLandmarksTests.xctest */;
			productType = "com.apple.product-type.bundle.unit-test";
		};
		915B808C2674E34D007963C7 /* AppSwiftLandmarksUITests */ = {
			isa = PBXNativeTarget;
			buildConfigurationList = 915B809C2674E34D007963C7 /* Build configuration list for PBXNativeTarget "AppSwiftLandmarksUITests" */;
			buildPhases = (
				915B80892674E34D007963C7 /* Sources */,
				915B808A2674E34D007963C7 /* Frameworks */,
				915B808B2674E34D007963C7 /* Resources */,
			);
			buildRules = (
			);
			dependencies = (
				915B808F2674E34D007963C7 /* PBXTargetDependency */,
			);
			name = AppSwiftLandmarksUITests;
			productName = AppSwiftLandmarksUITests;
			productReference = 915B808D2674E34D007963C7 /* AppSwiftLandmarksUITests.xctest */;
			productType = "com.apple.product-type.bundle.ui-testing";
		};
/* End PBXNativeTarget section */

/* Begin PBXProject section */
		915B80692674E34B007963C7 /* Project object */ = {
			isa = PBXProject;
			attributes = {
				LastSwiftUpdateCheck = 1250;
				LastUpgradeCheck = 1250;
				TargetAttributes = {
					915B80702674E34B007963C7 = {
						CreatedOnToolsVersion = 12.5;
					};
					915B80812674E34D007963C7 = {
						CreatedOnToolsVersion = 12.5;
						TestTargetID = 915B80702674E34B007963C7;
					};
					915B808C2674E34D007963C7 = {
						CreatedOnToolsVersion = 12.5;
						TestTargetID = 915B80702674E34B007963C7;
					};
				};
			};
			buildConfigurationList = 915B806C2674E34B007963C7 /* Build configuration list for PBXProject "AppSwiftLandmarks" */;
			compatibilityVersion = "Xcode 9.3";
			developmentRegion = en;
			hasScannedForEncodings = 0;
			knownRegions = (
				en,
				Base,
			);
			mainGroup = 915B80682674E34B007963C7;
			productRefGroup = 915B80722674E34B007963C7 /* Products */;
			projectDirPath = "";
			projectRoot = "";
			targets = (
				915B80702674E34B007963C7 /* AppSwiftLandmarks */,
				915B80812674E34D007963C7 /* AppSwiftLandmarksTests */,
				915B808C2674E34D007963C7 /* AppSwiftLandmarksUITests */,
			);
		};
/* End PBXProject section */

/* Begin PBXResourcesBuildPhase section */
		915B806F2674E34B007963C7 /* Resources */ = {
			isa = PBXResourcesBuildPhase;
			buildActionMask = 2147483647;
			files = (
				915B807C2674E34C007963C7 /* Preview Assets.xcassets in Resources */,
				915B80792674E34C007963C7 /* Assets.xcassets in Resources */,
			);
			runOnlyForDeploymentPostprocessing = 0;
		};
		915B80802674E34D007963C7 /* Resources */ = {
			isa = PBXResourcesBuildPhase;
			buildActionMask = 2147483647;
			files = (
			);
			runOnlyForDeploymentPostprocessing = 0;
		};
		915B808B2674E34D007963C7 /* Resources */ = {
			isa = PBXResourcesBuildPhase;
			buildActionMask = 2147483647;
			files = (
			);
			runOnlyForDeploymentPostprocessing = 0;
		};
/* End PBXResourcesBuildPhase section */

/* Begin PBXSourcesBuildPhase section */
		915B806D2674E34B007963C7 /* Sources */ = {
			isa = PBXSourcesBuildPhase;
			buildActionMask = 2147483647;
			files = (
				915B80772674E34B007963C7 /* ContentView.swift in Sources */,
				915B80752674E34B007963C7 /* AppSwiftLandmarksApp.swift in Sources */,
				915B80A42675434E007963C7 /*  MapView.swift in Sources */,
				915B80A2267536C8007963C7 /* CircleImage.swift in Sources */,
			);
			runOnlyForDeploymentPostprocessing = 0;
		};
		915B807E2674E34D007963C7 /* Sources */ = {
			isa = PBXSourcesBuildPhase;
			buildActionMask = 2147483647;
			files = (
				915B80872674E34D007963C7 /* AppSwiftLandmarksTests.swift in Sources */,
			);
			runOnlyForDeploymentPostprocessing = 0;
		};
		915B80892674E34D007963C7 /* Sources */ = {
			isa = PBXSourcesBuildPhase;
			buildActionMask = 2147483647;
			files = (
				915B80922674E34D007963C7 /* AppSwiftLandmarksUITests.swift in Sources */,
			);
			runOnlyForDeploymentPostprocessing = 0;
		};
/* End PBXSourcesBuildPhase section */

/* Begin PBXTargetDependency section */
		915B80842674E34D007963C7 /* PBXTargetDependency */ = {
			isa = PBXTargetDependency;
			target = 915B80702674E34B007963C7 /* AppSwiftLandmarks */;
			targetProxy = 915B80832674E34D007963C7 /* PBXContainerItemProxy */;
		};
		915B808F2674E34D007963C7 /* PBXTargetDependency */ = {
			isa = PBXTargetDependency;
			target = 915B80702674E34B007963C7 /* AppSwiftLandmarks */;
			targetProxy = 915B808E2674E34D007963C7 /* PBXContainerItemProxy */;
		};
/* End PBXTargetDependency section */

/* Begin XCBuildConfiguration section */
		915B80942674E34D007963C7 /* Debug */ = {
			isa = XCBuildConfiguration;
			buildSettings = {
				ALWAYS_SEARCH_USER_PATHS = NO;
				CLANG_ANALYZER_NONNULL = YES;
				CLANG_ANALYZER_NUMBER_OBJECT_CONVERSION = YES_AGGRESSIVE;
				CLANG_CXX_LANGUAGE_STANDARD = "gnu++14";
				CLANG_CXX_LIBRARY = "libc++";
				CLANG_ENABLE_MODULES = YES;
				CLANG_ENABLE_OBJC_ARC = YES;
				CLANG_ENABLE_OBJC_WEAK = YES;
				CLANG_WARN_BLOCK_CAPTURE_AUTORELEASING = YES;
				CLANG_WARN_BOOL_CONVERSION = YES;
				CLANG_WARN_COMMA = YES;
				CLANG_WARN_CONSTANT_CONVERSION = YES;
				CLANG_WARN_DEPRECATED_OBJC_IMPLEMENTATIONS = YES;
				CLANG_WARN_DIRECT_OBJC_ISA_USAGE = YES_ERROR;
				CLANG_WARN_DOCUMENTATION_COMMENTS = YES;
				CLANG_WARN_EMPTY_BODY = YES;
				CLANG_WARN_ENUM_CONVERSION = YES;
				CLANG_WARN_INFINITE_RECURSION = YES;
				CLANG_WARN_INT_CONVERSION = YES;
				CLANG_WARN_NON_LITERAL_NULL_CONVERSION = YES;
				CLANG_WARN_OBJC_IMPLICIT_RETAIN_SELF = YES;
				CLANG_WARN_OBJC_LITERAL_CONVERSION = YES;
				CLANG_WARN_OBJC_ROOT_CLASS = YES_ERROR;
				CLANG_WARN_QUOTED_INCLUDE_IN_FRAMEWORK_HEADER = YES;
				CLANG_WARN_RANGE_LOOP_ANALYSIS = YES;
				CLANG_WARN_STRICT_PROTOTYPES = YES;
				CLANG_WARN_SUSPICIOUS_MOVE = YES;
				CLANG_WARN_UNGUARDED_AVAILABILITY = YES_AGGRESSIVE;
				CLANG_WARN_UNREACHABLE_CODE = YES;
				CLANG_WARN__DUPLICATE_METHOD_MATCH = YES;
				COPY_PHASE_STRIP = NO;
				DEBUG_INFORMATION_FORMAT = dwarf;
				ENABLE_STRICT_OBJC_MSGSEND = YES;
				ENABLE_TESTABILITY = YES;
				GCC_C_LANGUAGE_STANDARD = gnu11;
				GCC_DYNAMIC_NO_PIC = NO;
				GCC_NO_COMMON_BLOCKS = YES;
				GCC_OPTIMIZATION_LEVEL = 0;
				GCC_PREPROCESSOR_DEFINITIONS = (
					"DEBUG=1",
					"$(inherited)",
				);
				GCC_WARN_64_TO_32_BIT_CONVERSION = YES;
				GCC_WARN_ABOUT_RETURN_TYPE = YES_ERROR;
				GCC_WARN_UNDECLARED_SELECTOR = YES;
				GCC_WARN_UNINITIALIZED_AUTOS = YES_AGGRESSIVE;
				GCC_WARN_UNUSED_FUNCTION = YES;
				GCC_WARN_UNUSED_VARIABLE = YES;
				IPHONEOS_DEPLOYMENT_TARGET = 14.5;
				MTL_ENABLE_DEBUG_INFO = INCLUDE_SOURCE;
				MTL_FAST_MATH = YES;
				ONLY_ACTIVE_ARCH = YES;
				SDKROOT = iphoneos;
				SWIFT_ACTIVE_COMPILATION_CONDITIONS = DEBUG;
				SWIFT_OPTIMIZATION_LEVEL = "-Onone";
			};
			name = Debug;
		};
		915B80952674E34D007963C7 /* Release */ = {
			isa = XCBuildConfiguration;
			buildSettings = {
				ALWAYS_SEARCH_USER_PATHS = NO;
				CLANG_ANALYZER_NONNULL = YES;
				CLANG_ANALYZER_NUMBER_OBJECT_CONVERSION = YES_AGGRESSIVE;
				CLANG_CXX_LANGUAGE_STANDARD = "gnu++14";
				CLANG_CXX_LIBRARY = "libc++";
				CLANG_ENABLE_MODULES = YES;
				CLANG_ENABLE_OBJC_ARC = YES;
				CLANG_ENABLE_OBJC_WEAK = YES;
				CLANG_WARN_BLOCK_CAPTURE_AUTORELEASING = YES;
				CLANG_WARN_BOOL_CONVERSION = YES;
				CLANG_WARN_COMMA = YES;
				CLANG_WARN_CONSTANT_CONVERSION = YES;
				CLANG_WARN_DEPRECATED_OBJC_IMPLEMENTATIONS = YES;
				CLANG_WARN_DIRECT_OBJC_ISA_USAGE = YES_ERROR;
				CLANG_WARN_DOCUMENTATION_COMMENTS = YES;
				CLANG_WARN_EMPTY_BODY = YES;
				CLANG_WARN_ENUM_CONVERSION = YES;
				CLANG_WARN_INFINITE_RECURSION = YES;
				CLANG_WARN_INT_CONVERSION = YES;
				CLANG_WARN_NON_LITERAL_NULL_CONVERSION = YES;
				CLANG_WARN_OBJC_IMPLICIT_RETAIN_SELF = YES;
				CLANG_WARN_OBJC_LITERAL_CONVERSION = YES;
				CLANG_WARN_OBJC_ROOT_CLASS = YES_ERROR;
				CLANG_WARN_QUOTED_INCLUDE_IN_FRAMEWORK_HEADER = YES;
				CLANG_WARN_RANGE_LOOP_ANALYSIS = YES;
				CLANG_WARN_STRICT_PROTOTYPES = YES;
				CLANG_WARN_SUSPICIOUS_MOVE = YES;
				CLANG_WARN_UNGUARDED_AVAILABILITY = YES_AGGRESSIVE;
				CLANG_WARN_UNREACHABLE_CODE = YES;
				CLANG_WARN__DUPLICATE_METHOD_MATCH = YES;
				COPY_PHASE_STRIP = NO;
				DEBUG_INFORMATION_FORMAT = "dwarf-with-dsym";
				ENABLE_NS_ASSERTIONS = NO;
				ENABLE_STRICT_OBJC_MSGSEND = YES;
				GCC_C_LANGUAGE_STANDARD = gnu11;
				GCC_NO_COMMON_BLOCKS = YES;
				GCC_WARN_64_TO_32_BIT_CONVERSION = YES;
				GCC_WARN_ABOUT_RETURN_TYPE = YES_ERROR;
				GCC_WARN_UNDECLARED_SELECTOR = YES;
				GCC_WARN_UNINITIALIZED_AUTOS = YES_AGGRESSIVE;
				GCC_WARN_UNUSED_FUNCTION = YES;
				GCC_WARN_UNUSED_VARIABLE = YES;
				IPHONEOS_DEPLOYMENT_TARGET = 14.5;
				MTL_ENABLE_DEBUG_INFO = NO;
				MTL_FAST_MATH = YES;
				SDKROOT = iphoneos;
				SWIFT_COMPILATION_MODE = wholemodule;
				SWIFT_OPTIMIZATION_LEVEL = "-O";
				VALIDATE_PRODUCT = YES;
			};
			name = Release;
		};
		915B80972674E34D007963C7 /* Debug */ = {
			isa = XCBuildConfiguration;
			buildSettings = {
				ASSETCATALOG_COMPILER_APPICON_NAME = AppIcon;
				ASSETCATALOG_COMPILER_GLOBAL_ACCENT_COLOR_NAME = AccentColor;
				CODE_SIGN_STYLE = Automatic;
				DEVELOPMENT_ASSET_PATHS = "\"AppSwiftLandmarks/Preview Content\"";
				DEVELOPMENT_TEAM = 77USTTJYY6;
				ENABLE_PREVIEWS = YES;
				INFOPLIST_FILE = AppSwiftLandmarks/Info.plist;
				IPHONEOS_DEPLOYMENT_TARGET = 14.0;
				LD_RUNPATH_SEARCH_PATHS = (
					"$(inherited)",
					"@executable_path/Frameworks",
				);
				PRODUCT_BUNDLE_IDENTIFIER = matt.AppSwiftLandmarks;
				PRODUCT_NAME = "$(TARGET_NAME)";
				SWIFT_VERSION = 5.0;
				TARGETED_DEVICE_FAMILY = "1,2";
			};
			name = Debug;
		};
		915B80982674E34D007963C7 /* Release */ = {
			isa = XCBuildConfiguration;
			buildSettings = {
				ASSETCATALOG_COMPILER_APPICON_NAME = AppIcon;
				ASSETCATALOG_COMPILER_GLOBAL_ACCENT_COLOR_NAME = AccentColor;
				CODE_SIGN_STYLE = Automatic;
				DEVELOPMENT_ASSET_PATHS = "\"AppSwiftLandmarks/Preview Content\"";
				DEVELOPMENT_TEAM = 77USTTJYY6;
				ENABLE_PREVIEWS = YES;
				INFOPLIST_FILE = AppSwiftLandmarks/Info.plist;
				IPHONEOS_DEPLOYMENT_TARGET = 14.0;
				LD_RUNPATH_SEARCH_PATHS = (
					"$(inherited)",
					"@executable_path/Frameworks",
				);
				PRODUCT_BUNDLE_IDENTIFIER = matt.AppSwiftLandmarks;
				PRODUCT_NAME = "$(TARGET_NAME)";
				SWIFT_VERSION = 5.0;
				TARGETED_DEVICE_FAMILY = "1,2";
			};
			name = Release;
		};
		915B809A2674E34D007963C7 /* Debug */ = {
			isa = XCBuildConfiguration;
			buildSettings = {
				ALWAYS_EMBED_SWIFT_STANDARD_LIBRARIES = YES;
				BUNDLE_LOADER = "$(TEST_HOST)";
				CODE_SIGN_STYLE = Automatic;
				DEVELOPMENT_TEAM = 77USTTJYY6;
				INFOPLIST_FILE = AppSwiftLandmarksTests/Info.plist;
				IPHONEOS_DEPLOYMENT_TARGET = 14.0;
				LD_RUNPATH_SEARCH_PATHS = (
					"$(inherited)",
					"@executable_path/Frameworks",
					"@loader_path/Frameworks",
				);
				PRODUCT_BUNDLE_IDENTIFIER = matt.AppSwiftLandmarksTests;
				PRODUCT_NAME = "$(TARGET_NAME)";
				SWIFT_VERSION = 5.0;
				TARGETED_DEVICE_FAMILY = "1,2";
				TEST_HOST = "$(BUILT_PRODUCTS_DIR)/AppSwiftLandmarks.app/AppSwiftLandmarks";
			};
			name = Debug;
		};
		915B809B2674E34D007963C7 /* Release */ = {
			isa = XCBuildConfiguration;
			buildSettings = {
				ALWAYS_EMBED_SWIFT_STANDARD_LIBRARIES = YES;
				BUNDLE_LOADER = "$(TEST_HOST)";
				CODE_SIGN_STYLE = Automatic;
				DEVELOPMENT_TEAM = 77USTTJYY6;
				INFOPLIST_FILE = AppSwiftLandmarksTests/Info.plist;
				IPHONEOS_DEPLOYMENT_TARGET = 14.0;
				LD_RUNPATH_SEARCH_PATHS = (
					"$(inherited)",
					"@executable_path/Frameworks",
					"@loader_path/Frameworks",
				);
				PRODUCT_BUNDLE_IDENTIFIER = matt.AppSwiftLandmarksTests;
				PRODUCT_NAME = "$(TARGET_NAME)";
				SWIFT_VERSION = 5.0;
				TARGETED_DEVICE_FAMILY = "1,2";
				TEST_HOST = "$(BUILT_PRODUCTS_DIR)/AppSwiftLandmarks.app/AppSwiftLandmarks";
			};
			name = Release;
		};
		915B809D2674E34D007963C7 /* Debug */ = {
			isa = XCBuildConfiguration;
			buildSettings = {
				ALWAYS_EMBED_SWIFT_STANDARD_LIBRARIES = YES;
				CODE_SIGN_STYLE = Automatic;
				DEVELOPMENT_TEAM = 77USTTJYY6;
				INFOPLIST_FILE = AppSwiftLandmarksUITests/Info.plist;
				LD_RUNPATH_SEARCH_PATHS = (
					"$(inherited)",
					"@executable_path/Frameworks",
					"@loader_path/Frameworks",
				);
				PRODUCT_BUNDLE_IDENTIFIER = matt.AppSwiftLandmarksUITests;
				PRODUCT_NAME = "$(TARGET_NAME)";
				SWIFT_VERSION = 5.0;
				TARGETED_DEVICE_FAMILY = "1,2";
				TEST_TARGET_NAME = AppSwiftLandmarks;
			};
			name = Debug;
		};
		915B809E2674E34D007963C7 /* Release */ = {
			isa = XCBuildConfiguration;
			buildSettings = {
				ALWAYS_EMBED_SWIFT_STANDARD_LIBRARIES = YES;
				CODE_SIGN_STYLE = Automatic;
				DEVELOPMENT_TEAM = 77USTTJYY6;
				INFOPLIST_FILE = AppSwiftLandmarksUITests/Info.plist;
				LD_RUNPATH_SEARCH_PATHS = (
					"$(inherited)",
					"@executable_path/Frameworks",
					"@loader_path/Frameworks",
				);
				PRODUCT_BUNDLE_IDENTIFIER = matt.AppSwiftLandmarksUITests;
				PRODUCT_NAME = "$(TARGET_NAME)";
				SWIFT_VERSION = 5.0;
				TARGETED_DEVICE_FAMILY = "1,2";
				TEST_TARGET_NAME = AppSwiftLandmarks;
			};
			name = Release;
		};
/* End XCBuildConfiguration section */

/* Begin XCConfigurationList section */
		915B806C2674E34B007963C7 /* Build configuration list for PBXProject "AppSwiftLandmarks" */ = {
			isa = XCConfigurationList;
			buildConfigurations = (
				915B80942674E34D007963C7 /* Debug */,
				915B80952674E34D007963C7 /* Release */,
			);
			defaultConfigurationIsVisible = 0;
			defaultConfigurationName = Release;
		};
		915B80962674E34D007963C7 /* Build configuration list for PBXNativeTarget "AppSwiftLandmarks" */ = {
			isa = XCConfigurationList;
			buildConfigurations = (
				915B80972674E34D007963C7 /* Debug */,
				915B80982674E34D007963C7 /* Release */,
			);
			defaultConfigurationIsVisible = 0;
			defaultConfigurationName = Release;
		};
		915B80992674E34D007963C7 /* Build configuration list for PBXNativeTarget "AppSwiftLandmarksTests" */ = {
			isa = XCConfigurationList;
			buildConfigurations = (
				915B809A2674E34D007963C7 /* Debug */,
				915B809B2674E34D007963C7 /* Release */,
			);
			defaultConfigurationIsVisible = 0;
			defaultConfigurationName = Release;
		};
		915B809C2674E34D007963C7 /* Build configuration list for PBXNativeTarget "AppSwiftLandmarksUITests" */ = {
			isa = XCConfigurationList;
			buildConfigurations = (
				915B809D2674E34D007963C7 /* Debug */,
				915B809E2674E34D007963C7 /* Release */,
			);
			defaultConfigurationIsVisible = 0;
			defaultConfigurationName = Release;
		};
/* End XCConfigurationList section */
	};
	rootObject = 915B80692674E34B007963C7 /* Project object */;
}
